
Microsoft Visual Studio Solution File, Format Version 12.00
# Visual Studio Version 17
VisualStudioVersion = 17.6.33723.286
MinimumVisualStudioVersion = 10.0.40219.1
Project("{9A19103F-16F7-4668-BE54-9A1E7A4F7556}") = "TapPaymentIntegration", "TapPaymentIntegration\TapPaymentIntegration.csproj", "{162FA23B-B015-4057-8541-FC993E51B044}"
EndProject
Project("{FAE04EC0-301F-11D3-BF4B-00C04F79EFBC}") = "TapPaymentIntegration.Models", "TapPaymentIntegration.Models\TapPaymentIntegration.Models.csproj", "{351C51B5-F001-402A-9537-D9DF3A19B10E}"
EndProject
Project("{FAE04EC0-301F-11D3-BF4B-00C04F79EFBC}") = "TapPaymentIntegration.Shared", "TapPaymentIntegration.Shared\TapPaymentIntegration.Shared.csproj", "{6BB2DAF1-CCB1-497B-9909-4C4FBDFF1AB8}"
EndProject
Global
	GlobalSection(SolutionConfigurationPlatforms) = preSolution
		Debug|Any CPU = Debug|Any CPU
		Release|Any CPU = Release|Any CPU
	EndGlobalSection
	GlobalSection(ProjectConfigurationPlatforms) = postSolution
		{162FA23B-B015-4057-8541-FC993E51B044}.Debug|Any CPU.ActiveCfg = Debug|Any CPU
		{162FA23B-B015-4057-8541-FC993E51B044}.Debug|Any CPU.Build.0 = Debug|Any CPU
		{162FA23B-B015-4057-8541-FC993E51B044}.Release|Any CPU.ActiveCfg = Release|Any CPU
		{162FA23B-B015-4057-8541-FC993E51B044}.Release|Any CPU.Build.0 = Release|Any CPU
		{351C51B5-F001-402A-9537-D9DF3A19B10E}.Debug|Any CPU.ActiveCfg = Debug|Any CPU
		{351C51B5-F001-402A-9537-D9DF3A19B10E}.Debug|Any CPU.Build.0 = Debug|Any CPU
		{351C51B5-F001-402A-9537-D9DF3A19B10E}.Release|Any CPU.ActiveCfg = Release|Any CPU
		{351C51B5-F001-402A-9537-D9DF3A19B10E}.Release|Any CPU.Build.0 = Release|Any CPU
		{6BB2DAF1-CCB1-497B-9909-4C4FBDFF1AB8}.Debug|Any CPU.ActiveCfg = Debug|Any CPU
		{6BB2DAF1-CCB1-497B-9909-4C4FBDFF1AB8}.Debug|Any CPU.Build.0 = Debug|Any CPU
		{6BB2DAF1-CCB1-497B-9909-4C4FBDFF1AB8}.Release|Any CPU.ActiveCfg = Release|Any CPU
		{6BB2DAF1-CCB1-497B-9909-4C4FBDFF1AB8}.Release|Any CPU.Build.0 = Release|Any CPU
	EndGlobalSection
	GlobalSection(SolutionProperties) = preSolution
		HideSolutionNode = FALSE
	EndGlobalSection
	GlobalSection(ExtensibilityGlobals) = postSolution
		SolutionGuid = {4EB89C57-3760-4EB5-980C-366A264540C3}
	EndGlobalSection
EndGlobal
